
Microsoft Visual Studio Solution File, Format Version 12.00
# Visual Studio Version 16
VisualStudioVersion = 16.0.29613.14
MinimumVisualStudioVersion = 10.0.40219.1
Project("{FAE04EC0-301F-11D3-BF4B-00C04F79EFBC}") = "RemoteJar", "RemoteJar\RemoteJar.csproj", "{DC5D05BB-17EE-4887-883A-EEF7B4EEB20F}"
EndProject
Global
	GlobalSection(SolutionConfigurationPlatforms) = preSolution
		Debug|Any CPU = Debug|Any CPU
		Release|Any CPU = Release|Any CPU
	EndGlobalSection
	GlobalSection(ProjectConfigurationPlatforms) = postSolution
		{DC5D05BB-17EE-4887-883A-EEF7B4EEB20F}.Debug|Any CPU.ActiveCfg = Debug|Any CPU
		{DC5D05BB-17EE-4887-883A-EEF7B4EEB20F}.Debug|Any CPU.Build.0 = Debug|Any CPU
		{DC5D05BB-17EE-4887-883A-EEF7B4EEB20F}.Release|Any CPU.ActiveCfg = Release|Any CPU
		{DC5D05BB-17EE-4887-883A-EEF7B4EEB20F}.Release|Any CPU.Build.0 = Release|Any CPU
	EndGlobalSection
	GlobalSection(SolutionProperties) = preSolution
		HideSolutionNode = FALSE
	EndGlobalSection
	GlobalSection(ExtensibilityGlobals) = postSolution
		SolutionGuid = {13452EA9-80B5-46CD-9532-4C8AD2264E16}
	EndGlobalSection
EndGlobal
